
Microsoft Visual Studio Solution File, Format Version 11.00
# Visual Studio 2010
Project("{FAE04EC0-301F-11D3-BF4B-00C04F79EFBC}") = "Assembly-CSharp", "Assembly-CSharp.csproj", "{1eb23a5e-1bc5-57d1-3634-3c558e5d9caa}"
EndProject
Global
	GlobalSection(SolutionConfigurationPlatforms) = preSolution
		Debug|Any CPU = Debug|Any CPU
		Release|Any CPU = Release|Any CPU
	EndGlobalSection
	GlobalSection(ProjectConfigurationPlatforms) = postSolution
		{1eb23a5e-1bc5-57d1-3634-3c558e5d9caa}.Debug|Any CPU.ActiveCfg = Debug|Any CPU
		{1eb23a5e-1bc5-57d1-3634-3c558e5d9caa}.Debug|Any CPU.Build.0 = Debug|Any CPU
		{1eb23a5e-1bc5-57d1-3634-3c558e5d9caa}.Release|Any CPU.ActiveCfg = Release|Any CPU
		{1eb23a5e-1bc5-57d1-3634-3c558e5d9caa}.Release|Any CPU.Build.0 = Release|Any CPU
	EndGlobalSection
	GlobalSection(SolutionProperties) = preSolution
		HideSolutionNode = FALSE
	EndGlobalSection
EndGlobal
